
Microsoft Visual Studio Solution File, Format Version 12.00
Project("{FAE04EC0-301F-11D3-BF4B-00C04F79EFBC}") = "PortkablePass.Blazor", "PortkablePass.Blazor\PortkablePass.Blazor.csproj", "{AF77B908-2E56-4F6D-AE93-A4DD255E5096}"
EndProject
Project("{FAE04EC0-301F-11D3-BF4B-00C04F79EFBC}") = "PortkablePass.Core", "PortkablePass.Core\PortkablePass.Core.csproj", "{242A8B66-B17C-490A-ACA6-A3B1DEDCD95E}"
EndProject
Global
	GlobalSection(SolutionConfigurationPlatforms) = preSolution
		Debug|Any CPU = Debug|Any CPU
		Release|Any CPU = Release|Any CPU
	EndGlobalSection
	GlobalSection(ProjectConfigurationPlatforms) = postSolution
		{AF77B908-2E56-4F6D-AE93-A4DD255E5096}.Debug|Any CPU.ActiveCfg = Debug|Any CPU
		{AF77B908-2E56-4F6D-AE93-A4DD255E5096}.Debug|Any CPU.Build.0 = Debug|Any CPU
		{AF77B908-2E56-4F6D-AE93-A4DD255E5096}.Release|Any CPU.ActiveCfg = Release|Any CPU
		{AF77B908-2E56-4F6D-AE93-A4DD255E5096}.Release|Any CPU.Build.0 = Release|Any CPU
		{242A8B66-B17C-490A-ACA6-A3B1DEDCD95E}.Debug|Any CPU.ActiveCfg = Debug|Any CPU
		{242A8B66-B17C-490A-ACA6-A3B1DEDCD95E}.Debug|Any CPU.Build.0 = Debug|Any CPU
		{242A8B66-B17C-490A-ACA6-A3B1DEDCD95E}.Release|Any CPU.ActiveCfg = Release|Any CPU
		{242A8B66-B17C-490A-ACA6-A3B1DEDCD95E}.Release|Any CPU.Build.0 = Release|Any CPU
	EndGlobalSection
EndGlobal
